
Microsoft Visual Studio Solution File, Format Version 12.00
# Visual Studio 15
VisualStudioVersion = 15.0.28307.168
MinimumVisualStudioVersion = 10.0.40219.1
Project("{FAE04EC0-301F-11D3-BF4B-00C04F79EFBC}") = "MainApp", "HotelTests\MainApp.csproj", "{1538A0CC-1A35-4752-BC98-DF444C680327}"
	ProjectSection(ProjectDependencies) = postProject
		{DF287E2E-2FC6-438F-B3F3-994ADB310F74} = {DF287E2E-2FC6-438F-B3F3-994ADB310F74}
		{99255581-4C3C-49F9-99DD-B36339AC6D08} = {99255581-4C3C-49F9-99DD-B36339AC6D08}
	EndProjectSection
EndProject
Project("{9A19103F-16F7-4668-BE54-9A1E7A4F7556}") = "WebProjects.UnitTests", "WebProjects.UnitTests\WebProjects.UnitTests.csproj", "{DF287E2E-2FC6-438F-B3F3-994ADB310F74}"
	ProjectSection(ProjectDependencies) = postProject
		{99255581-4C3C-49F9-99DD-B36339AC6D08} = {99255581-4C3C-49F9-99DD-B36339AC6D08}
	EndProjectSection
EndProject
Project("{FAE04EC0-301F-11D3-BF4B-00C04F79EFBC}") = "Reservations", "Reservations\Reservations.csproj", "{99255581-4C3C-49F9-99DD-B36339AC6D08}"
EndProject
Global
	GlobalSection(SolutionConfigurationPlatforms) = preSolution
		Debug|Any CPU = Debug|Any CPU
		Release|Any CPU = Release|Any CPU
	EndGlobalSection
	GlobalSection(ProjectConfigurationPlatforms) = postSolution
		{1538A0CC-1A35-4752-BC98-DF444C680327}.Debug|Any CPU.ActiveCfg = Debug|Any CPU
		{1538A0CC-1A35-4752-BC98-DF444C680327}.Debug|Any CPU.Build.0 = Debug|Any CPU
		{1538A0CC-1A35-4752-BC98-DF444C680327}.Release|Any CPU.ActiveCfg = Release|Any CPU
		{1538A0CC-1A35-4752-BC98-DF444C680327}.Release|Any CPU.Build.0 = Release|Any CPU
		{DF287E2E-2FC6-438F-B3F3-994ADB310F74}.Debug|Any CPU.ActiveCfg = Debug|Any CPU
		{DF287E2E-2FC6-438F-B3F3-994ADB310F74}.Debug|Any CPU.Build.0 = Debug|Any CPU
		{DF287E2E-2FC6-438F-B3F3-994ADB310F74}.Release|Any CPU.ActiveCfg = Release|Any CPU
		{DF287E2E-2FC6-438F-B3F3-994ADB310F74}.Release|Any CPU.Build.0 = Release|Any CPU
		{99255581-4C3C-49F9-99DD-B36339AC6D08}.Debug|Any CPU.ActiveCfg = Debug|Any CPU
		{99255581-4C3C-49F9-99DD-B36339AC6D08}.Debug|Any CPU.Build.0 = Debug|Any CPU
		{99255581-4C3C-49F9-99DD-B36339AC6D08}.Release|Any CPU.ActiveCfg = Release|Any CPU
		{99255581-4C3C-49F9-99DD-B36339AC6D08}.Release|Any CPU.Build.0 = Release|Any CPU
	EndGlobalSection
	GlobalSection(SolutionProperties) = preSolution
		HideSolutionNode = FALSE
	EndGlobalSection
	GlobalSection(ExtensibilityGlobals) = postSolution
		SolutionGuid = {E44B8E44-DC53-420A-8909-4210701764AA}
	EndGlobalSection
EndGlobal
